
Microsoft Visual Studio Solution File, Format Version 12.00
# Visual Studio Version 17
VisualStudioVersion = 17.10.34928.147
MinimumVisualStudioVersion = 10.0.40219.1
Project("{FAE04EC0-301F-11D3-BF4B-00C04F79EFBC}") = "Q2MultiDimTab", "Q2MultiDimTab\Q2MultiDimTab.csproj", "{1A3B5437-4795-4ECD-A701-439AFF9A220C}"
EndProject
Global
	GlobalSection(SolutionConfigurationPlatforms) = preSolution
		Debug|Any CPU = Debug|Any CPU
		Release|Any CPU = Release|Any CPU
	EndGlobalSection
	GlobalSection(ProjectConfigurationPlatforms) = postSolution
		{1A3B5437-4795-4ECD-A701-439AFF9A220C}.Debug|Any CPU.ActiveCfg = Debug|Any CPU
		{1A3B5437-4795-4ECD-A701-439AFF9A220C}.Debug|Any CPU.Build.0 = Debug|Any CPU
		{1A3B5437-4795-4ECD-A701-439AFF9A220C}.Release|Any CPU.ActiveCfg = Release|Any CPU
		{1A3B5437-4795-4ECD-A701-439AFF9A220C}.Release|Any CPU.Build.0 = Release|Any CPU
	EndGlobalSection
	GlobalSection(SolutionProperties) = preSolution
		HideSolutionNode = FALSE
	EndGlobalSection
	GlobalSection(ExtensibilityGlobals) = postSolution
		SolutionGuid = {7BC1BD1E-0384-42EF-A007-122CBA1C820D}
	EndGlobalSection
EndGlobal
